
Microsoft Visual Studio Solution File, Format Version 12.00
# Visual Studio Version 16
VisualStudioVersion = 16.0.28803.452
MinimumVisualStudioVersion = 10.0.40219.1
Project("{FAE04EC0-301F-11D3-BF4B-00C04F79EFBC}") = "Threading", "Threading\Threading.csproj", "{B9224EFF-631A-41B2-88B9-E2779E524A57}"
EndProject
Project("{FAE04EC0-301F-11D3-BF4B-00C04F79EFBC}") = "ProducerConsumer", "ProducerConsumer\ProducerConsumer.csproj", "{600F30DC-C1FA-4EA8-B637-08D1B12F7753}"
EndProject
Project("{FAE04EC0-301F-11D3-BF4B-00C04F79EFBC}") = "Recorder", "Recorder\Recorder.csproj", "{365DC7CB-CBCD-4BF7-BBE0-8F3BCEE8886A}"
EndProject
Project("{FAE04EC0-301F-11D3-BF4B-00C04F79EFBC}") = "ThreadingExercise", "ThreadingExercise\ThreadingExercise\ThreadingExercise.csproj", "{8D3C5CD9-7907-43C8-9065-AC81E25E3312}"
EndProject
Global
	GlobalSection(SolutionConfigurationPlatforms) = preSolution
		Debug|Any CPU = Debug|Any CPU
		Release|Any CPU = Release|Any CPU
	EndGlobalSection
	GlobalSection(ProjectConfigurationPlatforms) = postSolution
		{B9224EFF-631A-41B2-88B9-E2779E524A57}.Debug|Any CPU.ActiveCfg = Debug|Any CPU
		{B9224EFF-631A-41B2-88B9-E2779E524A57}.Debug|Any CPU.Build.0 = Debug|Any CPU
		{B9224EFF-631A-41B2-88B9-E2779E524A57}.Release|Any CPU.ActiveCfg = Release|Any CPU
		{B9224EFF-631A-41B2-88B9-E2779E524A57}.Release|Any CPU.Build.0 = Release|Any CPU
		{600F30DC-C1FA-4EA8-B637-08D1B12F7753}.Debug|Any CPU.ActiveCfg = Debug|Any CPU
		{600F30DC-C1FA-4EA8-B637-08D1B12F7753}.Debug|Any CPU.Build.0 = Debug|Any CPU
		{600F30DC-C1FA-4EA8-B637-08D1B12F7753}.Release|Any CPU.ActiveCfg = Release|Any CPU
		{600F30DC-C1FA-4EA8-B637-08D1B12F7753}.Release|Any CPU.Build.0 = Release|Any CPU
		{365DC7CB-CBCD-4BF7-BBE0-8F3BCEE8886A}.Debug|Any CPU.ActiveCfg = Debug|Any CPU
		{365DC7CB-CBCD-4BF7-BBE0-8F3BCEE8886A}.Debug|Any CPU.Build.0 = Debug|Any CPU
		{365DC7CB-CBCD-4BF7-BBE0-8F3BCEE8886A}.Release|Any CPU.ActiveCfg = Release|Any CPU
		{365DC7CB-CBCD-4BF7-BBE0-8F3BCEE8886A}.Release|Any CPU.Build.0 = Release|Any CPU
		{8D3C5CD9-7907-43C8-9065-AC81E25E3312}.Debug|Any CPU.ActiveCfg = Debug|Any CPU
		{8D3C5CD9-7907-43C8-9065-AC81E25E3312}.Debug|Any CPU.Build.0 = Debug|Any CPU
		{8D3C5CD9-7907-43C8-9065-AC81E25E3312}.Release|Any CPU.ActiveCfg = Release|Any CPU
		{8D3C5CD9-7907-43C8-9065-AC81E25E3312}.Release|Any CPU.Build.0 = Release|Any CPU
	EndGlobalSection
	GlobalSection(SolutionProperties) = preSolution
		HideSolutionNode = FALSE
	EndGlobalSection
	GlobalSection(ExtensibilityGlobals) = postSolution
		SolutionGuid = {3A939898-8518-4F6B-9518-6D44B9191B7C}
	EndGlobalSection
EndGlobal
